
Microsoft Visual Studio Solution File, Format Version 12.00
# Visual Studio Version 16
VisualStudioVersion = 16.0.31019.35
MinimumVisualStudioVersion = 10.0.40219.1
Project("{FAE04EC0-301F-11D3-BF4B-00C04F79EFBC}") = "AbacusNext_CarParkCharges", "AbacusNext_CarParkSolution\AbacusNext_CarParkCharges.csproj", "{471D4123-AA91-4D10-A5E9-FB4EE401FAB6}"
EndProject
Project("{FAE04EC0-301F-11D3-BF4B-00C04F79EFBC}") = "AbacusNext_CarParkChargesTest", "AbacusNext_CarParkChargesTest\AbacusNext_CarParkChargesTest.csproj", "{8EDAFF4A-B2A8-4CD6-BCF9-7710BAD75EF2}"
EndProject
Global
	GlobalSection(SolutionConfigurationPlatforms) = preSolution
		Debug|Any CPU = Debug|Any CPU
		Release|Any CPU = Release|Any CPU
	EndGlobalSection
	GlobalSection(ProjectConfigurationPlatforms) = postSolution
		{471D4123-AA91-4D10-A5E9-FB4EE401FAB6}.Debug|Any CPU.ActiveCfg = Debug|Any CPU
		{471D4123-AA91-4D10-A5E9-FB4EE401FAB6}.Debug|Any CPU.Build.0 = Debug|Any CPU
		{471D4123-AA91-4D10-A5E9-FB4EE401FAB6}.Release|Any CPU.ActiveCfg = Release|Any CPU
		{471D4123-AA91-4D10-A5E9-FB4EE401FAB6}.Release|Any CPU.Build.0 = Release|Any CPU
		{8EDAFF4A-B2A8-4CD6-BCF9-7710BAD75EF2}.Debug|Any CPU.ActiveCfg = Debug|Any CPU
		{8EDAFF4A-B2A8-4CD6-BCF9-7710BAD75EF2}.Debug|Any CPU.Build.0 = Debug|Any CPU
		{8EDAFF4A-B2A8-4CD6-BCF9-7710BAD75EF2}.Release|Any CPU.ActiveCfg = Release|Any CPU
		{8EDAFF4A-B2A8-4CD6-BCF9-7710BAD75EF2}.Release|Any CPU.Build.0 = Release|Any CPU
	EndGlobalSection
	GlobalSection(SolutionProperties) = preSolution
		HideSolutionNode = FALSE
	EndGlobalSection
	GlobalSection(ExtensibilityGlobals) = postSolution
		SolutionGuid = {FC85674C-109F-464E-B2F4-3A324E5DE5AF}
	EndGlobalSection
EndGlobal
